
Microsoft Visual Studio Solution File, Format Version 12.00
# Visual Studio Version 17
VisualStudioVersion = 17.3.32825.248
MinimumVisualStudioVersion = 10.0.40219.1
Project("{FAE04EC0-301F-11D3-BF4B-00C04F79EFBC}") = "Project 2", "Project 2\Project 2.csproj", "{0215E31B-DFD1-4A1D-9973-BC1052ED45A9}"
EndProject
Global
	GlobalSection(SolutionConfigurationPlatforms) = preSolution
		Debug|Any CPU = Debug|Any CPU
		Release|Any CPU = Release|Any CPU
	EndGlobalSection
	GlobalSection(ProjectConfigurationPlatforms) = postSolution
		{0215E31B-DFD1-4A1D-9973-BC1052ED45A9}.Debug|Any CPU.ActiveCfg = Debug|Any CPU
		{0215E31B-DFD1-4A1D-9973-BC1052ED45A9}.Debug|Any CPU.Build.0 = Debug|Any CPU
		{0215E31B-DFD1-4A1D-9973-BC1052ED45A9}.Release|Any CPU.ActiveCfg = Release|Any CPU
		{0215E31B-DFD1-4A1D-9973-BC1052ED45A9}.Release|Any CPU.Build.0 = Release|Any CPU
	EndGlobalSection
	GlobalSection(SolutionProperties) = preSolution
		HideSolutionNode = FALSE
	EndGlobalSection
	GlobalSection(ExtensibilityGlobals) = postSolution
		SolutionGuid = {DD5FAB7F-BD16-4DC6-A9D7-1065C033ED21}
	EndGlobalSection
EndGlobal
